
Microsoft Visual Studio Solution File, Format Version 12.00
# Visual Studio Version 16
VisualStudioVersion = 16.0.31729.503
MinimumVisualStudioVersion = 10.0.40219.1
Project("{9A19103F-16F7-4668-BE54-9A1E7A4F7556}") = "BookListRazor", "BookListRazor\BookListRazor.csproj", "{C2335654-D351-4204-86E9-0523B1A56ED4}"
EndProject
Global
	GlobalSection(SolutionConfigurationPlatforms) = preSolution
		Debug|Any CPU = Debug|Any CPU
		Release|Any CPU = Release|Any CPU
	EndGlobalSection
	GlobalSection(ProjectConfigurationPlatforms) = postSolution
		{C2335654-D351-4204-86E9-0523B1A56ED4}.Debug|Any CPU.ActiveCfg = Debug|Any CPU
		{C2335654-D351-4204-86E9-0523B1A56ED4}.Debug|Any CPU.Build.0 = Debug|Any CPU
		{C2335654-D351-4204-86E9-0523B1A56ED4}.Release|Any CPU.ActiveCfg = Release|Any CPU
		{C2335654-D351-4204-86E9-0523B1A56ED4}.Release|Any CPU.Build.0 = Release|Any CPU
	EndGlobalSection
	GlobalSection(SolutionProperties) = preSolution
		HideSolutionNode = FALSE
	EndGlobalSection
	GlobalSection(ExtensibilityGlobals) = postSolution
		SolutionGuid = {D34A2C0B-1B24-4A92-9A8C-6B0A14C729AD}
	EndGlobalSection
EndGlobal
